{
  "name": "venebot",
  "version": "1.0.0",
  "lockfileVersion": 1,
  "requires": true,
  "dependencies": {
    "@discordjs/builders": {
      "version": "1.1.0",
      "resolved": "https://registry.npmjs.org/@discordjs/builders/-/builders-1.1.0.tgz",
      "integrity": "sha512-EO8TSltiIc9Z1wE854wAFvv5AccqEtvjFmao9PPoxQhRaJ0hEb7FwWRTCA1jGg4ZWI3hcp4m+RET5ufZQz3rOg==",
      "requires": {
        "@sapphire/shapeshift": "^3.5.1",
        "discord-api-types": "^0.36.3",
        "fast-deep-equal": "^3.1.3",
        "ts-mixer": "^6.0.1",
        "tslib": "^2.4.0"
      }
    },
    "@discordjs/collection": {
      "version": "1.1.0-dev.1658103018-dda2895",
      "resolved": "https://registry.npmjs.org/@discordjs/collection/-/collection-1.1.0-dev.1658103018-dda2895.tgz",
      "integrity": "sha512-f58OKVMC/pTyeebCXtXEjAU06FBIFxmYJWMwqyXVM3tnb8qiY73VSMYLWLTZj5CdVFuopdumh1/2sm8N4OPefA=="
    },
    "@discordjs/rest": {
      "version": "1.1.0-dev.1658102994-dda2895",
      "resolved": "https://registry.npmjs.org/@discordjs/rest/-/rest-1.1.0-dev.1658102994-dda2895.tgz",
      "integrity": "sha512-PxNPAmo78CmQzxB3BnjABbEmd59T0D+y4XlWLVI3i0CuwiyuCh4zwL5ngEgVBZ0F72+QMgpyqQjmAWouR9Qq7A==",
      "requires": {
        "@discordjs/collection": "^1.1.0-dev",
        "@sapphire/async-queue": "^1.3.2",
        "@sapphire/snowflake": "^3.2.2",
        "discord-api-types": "^0.36.2",
        "file-type": "^17.1.2",
        "tslib": "^2.4.0",
        "undici": "^5.7.0"
      }
    },
    "@sapphire/async-queue": {
      "version": "1.3.2",
      "resolved": "https://registry.npmjs.org/@sapphire/async-queue/-/async-queue-1.3.2.tgz",
      "integrity": "sha512-rUpMLATsoAMnlN3gecAcr9Ecnw1vG7zi5Xr+IX22YzRzi1k9PF9vKzoT8RuEJbiIszjcimu3rveqUnvwDopz8g=="
    },
    "@sapphire/shapeshift": {
      "version": "3.5.1",
      "resolved": "https://registry.npmjs.org/@sapphire/shapeshift/-/shapeshift-3.5.1.tgz",
      "integrity": "sha512-7JFsW5IglyOIUQI1eE0g6h06D/Far6HqpcowRScgCiLSqTf3hhkPWCWotVTtVycnDCMYIwPeaw6IEPBomKC8pA==",
      "requires": {
        "fast-deep-equal": "^3.1.3",
        "lodash.uniqwith": "^4.5.0"
      }
    },
    "@sapphire/snowflake": {
      "version": "3.2.2",
      "resolved": "https://registry.npmjs.org/@sapphire/snowflake/-/snowflake-3.2.2.tgz",
      "integrity": "sha512-ula2O0kpSZtX9rKXNeQMrHwNd7E4jPDJYUXmEGTFdMRfyfMw+FPyh04oKMjAiDuOi64bYgVkOV3MjK+loImFhQ=="
    },
    "@tokenizer/token": {
      "version": "0.3.0",
      "resolved": "https://registry.npmjs.org/@tokenizer/token/-/token-0.3.0.tgz",
      "integrity": "sha512-OvjF+z51L3ov0OyAU0duzsYuvO01PH7x4t6DJx+guahgTnBHkhJdG7soQeTSFLWN3efnHyibZ4Z8l2EuWwJN3A=="
    },
    "@tootallnate/once": {
      "version": "1.1.2",
      "resolved": "https://registry.npmjs.org/@tootallnate/once/-/once-1.1.2.tgz",
      "integrity": "sha512-RbzJvlNzmRq5c3O09UipeuXno4tA1FE6ikOjxZK0tuxVv3412l64l5t1W5pj4+rJq9vpkm/kwiR07aZXnsKPxw=="
    },
    "@types/node": {
      "version": "18.6.3",
      "resolved": "https://registry.npmjs.org/@types/node/-/node-18.6.3.tgz",
      "integrity": "sha512-6qKpDtoaYLM+5+AFChLhHermMQxc3TOEFIDzrZLPRGHPrLEwqFkkT5Kx3ju05g6X7uDPazz3jHbKPX0KzCjntg=="
    },
    "@types/ws": {
      "version": "8.5.3",
      "resolved": "https://registry.npmjs.org/@types/ws/-/ws-8.5.3.tgz",
      "integrity": "sha512-6YOoWjruKj1uLf3INHH7D3qTXwFfEsg1kf3c0uDdSBJwfa/llkwIjrAGV7j7mVgGNbzTQ3HiHKKDXl6bJPD97w==",
      "requires": {
        "@types/node": "*"
      }
    },
    "abab": {
      "version": "2.0.6",
      "resolved": "https://registry.npmjs.org/abab/-/abab-2.0.6.tgz",
      "integrity": "sha512-j2afSsaIENvHZN2B8GOpF566vZ5WVk5opAiMTvWgaQT8DkbOqsTfvNAvHoRGU2zzP8cPoqys+xHTRDWW8L+/BA=="
    },
    "acorn": {
      "version": "8.8.0",
      "resolved": "https://registry.npmjs.org/acorn/-/acorn-8.8.0.tgz",
      "integrity": "sha512-QOxyigPVrpZ2GXT+PFyZTl6TtOFc5egxHIP9IlQ+RbupQuX4RkT/Bee4/kQuC02Xkzg84JcT7oLYtDIQxp+v7w=="
    },
    "acorn-globals": {
      "version": "6.0.0",
      "resolved": "https://registry.npmjs.org/acorn-globals/-/acorn-globals-6.0.0.tgz",
      "integrity": "sha512-ZQl7LOWaF5ePqqcX4hLuv/bLXYQNfNWw2c0/yX/TsPRKamzHcTGQnlCjHT3TsmkOUVEPS3crCxiPfdzE/Trlhg==",
      "requires": {
        "acorn": "^7.1.1",
        "acorn-walk": "^7.1.1"
      },
      "dependencies": {
        "acorn": {
          "version": "7.4.1",
          "resolved": "https://registry.npmjs.org/acorn/-/acorn-7.4.1.tgz",
          "integrity": "sha512-nQyp0o1/mNdbTO1PO6kHkwSrmgZ0MT/jCCpNiwbUjGoRN4dlBhqJtoQuCnEOKzgTVwg0ZWiCoQy6SxMebQVh8A=="
        }
      }
    },
    "acorn-walk": {
      "version": "7.2.0",
      "resolved": "https://registry.npmjs.org/acorn-walk/-/acorn-walk-7.2.0.tgz",
      "integrity": "sha512-OPdCF6GsMIP+Az+aWfAAOEt2/+iVDKE7oy6lJ098aoe59oAmK76qV6Gw60SbZ8jHuG2wH058GF4pLFbYamYrVA=="
    },
    "agent-base": {
      "version": "6.0.2",
      "resolved": "https://registry.npmjs.org/agent-base/-/agent-base-6.0.2.tgz",
      "integrity": "sha512-RZNwNclF7+MS/8bDg70amg32dyeZGZxiDuQmZxKLAlQjr3jGyLx+4Kkk58UO7D2QdgFIQCovuSuZESne6RG6XQ==",
      "requires": {
        "debug": "4"
      }
    },
    "ansi-styles": {
      "version": "4.3.0",
      "resolved": "https://registry.npmjs.org/ansi-styles/-/ansi-styles-4.3.0.tgz",
      "integrity": "sha512-zbB9rCJAT1rbjiVDb2hqKFHNYLxgtk8NURxZ3IZwD3F6NtxbXZQCnnSi1Lkx+IDohdPlFp222wVALIheZJQSEg==",
      "requires": {
        "color-convert": "^2.0.1"
      }
    },
    "asynckit": {
      "version": "0.4.0",
      "resolved": "https://registry.npmjs.org/asynckit/-/asynckit-0.4.0.tgz",
      "integrity": "sha512-Oei9OH4tRh0YqU3GxhX79dM/mwVgvbZJaSNaRk+bshkj0S5cfHcgYakreBjrHwatXKbz+IoIdYLxrKim2MjW0Q=="
    },
    "axios": {
      "version": "0.21.4",
      "resolved": "https://registry.npmjs.org/axios/-/axios-0.21.4.tgz",
      "integrity": "sha512-ut5vewkiu8jjGBdqpM44XxjuCjq9LAKeHVmoVfHVzy8eHgxxq8SbAVQNovDA8mVi05kP0Ea/n/UzcSHcTJQfNg==",
      "requires": {
        "follow-redirects": "^1.14.0"
      }
    },
    "browser-process-hrtime": {
      "version": "1.0.0",
      "resolved": "https://registry.npmjs.org/browser-process-hrtime/-/browser-process-hrtime-1.0.0.tgz",
      "integrity": "sha512-9o5UecI3GhkpM6DrXr69PblIuWxPKk9Y0jHBRhdocZ2y7YECBFCsHm79Pr3OyR2AvjhDkabFJaDJMYRazHgsow=="
    },
    "chalk": {
      "version": "4.1.0",
      "resolved": "https://registry.npmjs.org/chalk/-/chalk-4.1.0.tgz",
      "integrity": "sha512-qwx12AxXe2Q5xQ43Ac//I6v5aXTipYrSESdOgzrN+9XjgEpyjpKuvSGaN4qE93f7TQTlerQQ8S+EQ0EyDoVL1A==",
      "requires": {
        "ansi-styles": "^4.1.0",
        "supports-color": "^7.1.0"
      }
    },
    "color-convert": {
      "version": "2.0.1",
      "resolved": "https://registry.npmjs.org/color-convert/-/color-convert-2.0.1.tgz",
      "integrity": "sha512-RRECPsj7iu/xb5oKYcsFHSppFNnsj/52OVTRKb4zP5onXwVF3zVmmToNcOfGC+CRDpfK/U584fMg38ZHCaElKQ==",
      "requires": {
        "color-name": "~1.1.4"
      }
    },
    "color-name": {
      "version": "1.1.4",
      "resolved": "https://registry.npmjs.org/color-name/-/color-name-1.1.4.tgz",
      "integrity": "sha512-dOy+3AuW3a2wNbZHIuMZpTcgjGuLU/uBL/ubcZF9OXbDo8ff4O8yVp5Bf0efS8uEoYo5q4Fx7dY9OgQGXgAsQA=="
    },
    "combined-stream": {
      "version": "1.0.8",
      "resolved": "https://registry.npmjs.org/combined-stream/-/combined-stream-1.0.8.tgz",
      "integrity": "sha512-FQN4MRfuJeHf7cBbBMJFXhKSDq+2kAArBlmRBvcvFE5BB1HZKXtSFASDhdlz9zOYwxh8lDdnvmMOe/+5cdoEdg==",
      "requires": {
        "delayed-stream": "~1.0.0"
      }
    },
    "cssom": {
      "version": "0.4.4",
      "resolved": "https://registry.npmjs.org/cssom/-/cssom-0.4.4.tgz",
      "integrity": "sha512-p3pvU7r1MyyqbTk+WbNJIgJjG2VmTIaB10rI93LzVPrmDJKkzKYMtxxyAvQXR/NS6otuzveI7+7BBq3SjBS2mw=="
    },
    "cssstyle": {
      "version": "2.3.0",
      "resolved": "https://registry.npmjs.org/cssstyle/-/cssstyle-2.3.0.tgz",
      "integrity": "sha512-AZL67abkUzIuvcHqk7c09cezpGNcxUxU4Ioi/05xHk4DQeTkWmGYftIE6ctU6AEt+Gn4n1lDStOtj7FKycP71A==",
      "requires": {
        "cssom": "~0.3.6"
      },
      "dependencies": {
        "cssom": {
          "version": "0.3.8",
          "resolved": "https://registry.npmjs.org/cssom/-/cssom-0.3.8.tgz",
          "integrity": "sha512-b0tGHbfegbhPJpxpiBPU2sCkigAqtM9O121le6bbOlgyV+NyGyCmVfJ6QW9eRjz8CpNfWEOYBIMIGRYkLwsIYg=="
        }
      }
    },
    "data-urls": {
      "version": "2.0.0",
      "resolved": "https://registry.npmjs.org/data-urls/-/data-urls-2.0.0.tgz",
      "integrity": "sha512-X5eWTSXO/BJmpdIKCRuKUgSCgAN0OwliVK3yPKbwIWU1Tdw5BRajxlzMidvh+gwko9AfQ9zIj52pzF91Q3YAvQ==",
      "requires": {
        "abab": "^2.0.3",
        "whatwg-mimetype": "^2.3.0",
        "whatwg-url": "^8.0.0"
      }
    },
    "date-format": {
      "version": "4.0.11",
      "resolved": "https://registry.npmjs.org/date-format/-/date-format-4.0.11.tgz",
      "integrity": "sha512-VS20KRyorrbMCQmpdl2hg5KaOUsda1RbnsJg461FfrcyCUg+pkd0b40BSW4niQyTheww4DBXQnS7HwSrKkipLw=="
    },
    "debug": {
      "version": "4.3.4",
      "resolved": "https://registry.npmjs.org/debug/-/debug-4.3.4.tgz",
      "integrity": "sha512-PRWFHuSU3eDtQJPvnNY7Jcket1j0t5OuOsFzPPzsekD52Zl8qUfFIPEiswXqIvHWGVHOgX+7G/vCNNhehwxfkQ==",
      "requires": {
        "ms": "2.1.2"
      },
      "dependencies": {
        "ms": {
          "version": "2.1.2",
          "resolved": "https://registry.npmjs.org/ms/-/ms-2.1.2.tgz",
          "integrity": "sha512-sGkPx+VjMtmA6MX27oA4FBFELFCZZ4S4XqeGOXCv68tT+jb3vk/RyaKWP0PTKyWtmLSM0b+adUTEvbs1PEaH2w=="
        }
      }
    },
    "decimal.js": {
      "version": "10.4.1",
      "resolved": "https://registry.npmjs.org/decimal.js/-/decimal.js-10.4.1.tgz",
      "integrity": "sha512-F29o+vci4DodHYT9UrR5IEbfBw9pE5eSapIJdTqXK5+6hq+t8VRxwQyKlW2i+KDKFkkJQRvFyI/QXD83h8LyQw=="
    },
    "deep-is": {
      "version": "0.1.4",
      "resolved": "https://registry.npmjs.org/deep-is/-/deep-is-0.1.4.tgz",
      "integrity": "sha512-oIPzksmTg4/MriiaYGO+okXDT7ztn/w3Eptv/+gSIdMdKsJo0u4CfYNFJPy+4SKMuCqGw2wxnA+URMg3t8a/bQ=="
    },
    "delayed-stream": {
      "version": "1.0.0",
      "resolved": "https://registry.npmjs.org/delayed-stream/-/delayed-stream-1.0.0.tgz",
      "integrity": "sha512-ZySD7Nf91aLB0RxL4KGrKHBXl7Eds1DAmEdcoVawXnLD7SDhpNgtuII2aAkg7a7QS41jxPSZ17p4VdGnMHk3MQ=="
    },
    "discord-api-types": {
      "version": "0.36.3",
      "resolved": "https://registry.npmjs.org/discord-api-types/-/discord-api-types-0.36.3.tgz",
      "integrity": "sha512-bz/NDyG0KBo/tY14vSkrwQ/n3HKPf87a0WFW/1M9+tXYK+vp5Z5EksawfCWo2zkAc6o7CClc0eff1Pjrqznlwg=="
    },
    "discord.js": {
      "version": "14.0.0",
      "resolved": "https://registry.npmjs.org/discord.js/-/discord.js-14.0.0.tgz",
      "integrity": "sha512-7ne3Yo7S2SsiKtTZWBAlT58yWEOLMvqu4WAwDf3coky46BjIl+LQpF+0eL/2L1T9S4gUVkql+IPhBYHS9vwrrA==",
      "requires": {
        "@discordjs/builders": "^1.1.0-dev",
        "@discordjs/collection": "^1.1.0-dev",
        "@discordjs/rest": "^1.1.0-dev",
        "@sapphire/snowflake": "^3.2.2",
        "@types/ws": "^8.5.3",
        "discord-api-types": "^0.36.2",
        "fast-deep-equal": "^3.1.3",
        "lodash.snakecase": "^4.1.1",
        "tslib": "^2.4.0",
        "undici": "^5.7.0",
        "ws": "^8.8.1"
      },
      "dependencies": {
        "ws": {
          "version": "8.8.1",
          "resolved": "https://registry.npmjs.org/ws/-/ws-8.8.1.tgz",
          "integrity": "sha512-bGy2JzvzkPowEJV++hF07hAD6niYSr0JzBNo/J29WsB57A2r7Wlc1UFcTR9IzrPvuNVO4B8LGqF8qcpsVOhJCA=="
        }
      }
    },
    "domexception": {
      "version": "2.0.1",
      "resolved": "https://registry.npmjs.org/domexception/-/domexception-2.0.1.tgz",
      "integrity": "sha512-yxJ2mFy/sibVQlu5qHjOkf9J3K6zgmCxgJ94u2EdvDOV09H+32LtRswEcUsmUWN72pVLOEnTSRaIVVzVQgS0dg==",
      "requires": {
        "webidl-conversions": "^5.0.0"
      },
      "dependencies": {
        "webidl-conversions": {
          "version": "5.0.0",
          "resolved": "https://registry.npmjs.org/webidl-conversions/-/webidl-conversions-5.0.0.tgz",
          "integrity": "sha512-VlZwKPCkYKxQgeSbH5EyngOmRp7Ww7I9rQLERETtf5ofd9pGeswWiOtogpEO850jziPRarreGxn5QIiTqpb2wA=="
        }
      }
    },
    "dotenv": {
      "version": "8.2.0",
      "resolved": "https://registry.npmjs.org/dotenv/-/dotenv-8.2.0.tgz",
      "integrity": "sha512-8sJ78ElpbDJBHNeBzUbUVLsqKdccaa/BXF1uPTw3GrvQTBgrQrtObr2mUrE38vzYd8cEv+m/JBfDLioYcfXoaw=="
    },
    "escodegen": {
      "version": "2.0.0",
      "resolved": "https://registry.npmjs.org/escodegen/-/escodegen-2.0.0.tgz",
      "integrity": "sha512-mmHKys/C8BFUGI+MAWNcSYoORYLMdPzjrknd2Vc+bUsjN5bXcr8EhrNB+UTqfL1y3I9c4fw2ihgtMPQLBRiQxw==",
      "requires": {
        "esprima": "^4.0.1",
        "estraverse": "^5.2.0",
        "esutils": "^2.0.2",
        "optionator": "^0.8.1",
        "source-map": "~0.6.1"
      }
    },
    "esprima": {
      "version": "4.0.1",
      "resolved": "https://registry.npmjs.org/esprima/-/esprima-4.0.1.tgz",
      "integrity": "sha512-eGuFFw7Upda+g4p+QHvnW0RyTX/SVeJBDM/gCtMARO0cLuT2HcEKnTPvhjV6aGeqrCB/sbNop0Kszm0jsaWU4A=="
    },
    "estraverse": {
      "version": "5.3.0",
      "resolved": "https://registry.npmjs.org/estraverse/-/estraverse-5.3.0.tgz",
      "integrity": "sha512-MMdARuVEQziNTeJD8DgMqmhwR11BRQ/cBP+pLtYdSTnf3MIO8fFeiINEbX36ZdNlfU/7A9f3gUw49B3oQsvwBA=="
    },
    "esutils": {
      "version": "2.0.3",
      "resolved": "https://registry.npmjs.org/esutils/-/esutils-2.0.3.tgz",
      "integrity": "sha512-kVscqXk4OCp68SZ0dkgEKVi6/8ij300KBWTJq32P/dYeWTSwK41WyTxalN1eRmA5Z9UU/LX9D7FWSmV9SAYx6g=="
    },
    "fast-deep-equal": {
      "version": "3.1.3",
      "resolved": "https://registry.npmjs.org/fast-deep-equal/-/fast-deep-equal-3.1.3.tgz",
      "integrity": "sha512-f3qQ9oQy9j2AhBe/H9VC91wLmKBCCU/gDOnKNAYG5hswO7BLKj09Hc5HYNz9cGI++xlpDCIgDaitVs03ATR84Q=="
    },
    "fast-levenshtein": {
      "version": "2.0.6",
      "resolved": "https://registry.npmjs.org/fast-levenshtein/-/fast-levenshtein-2.0.6.tgz",
      "integrity": "sha512-DCXu6Ifhqcks7TZKY3Hxp3y6qphY5SJZmrWMDrKcERSOXWQdMhU9Ig/PYrzyw/ul9jOIyh0N4M0tbC5hodg8dw=="
    },
    "file-type": {
      "version": "17.1.4",
      "resolved": "https://registry.npmjs.org/file-type/-/file-type-17.1.4.tgz",
      "integrity": "sha512-3w/rJUUPBj6CYhVER3D5JCKwYJJiC36uj5dP+LnyubHI6H6FJo1TeWVCEA09YLVoZqV3/mLP26j9+Pz1GjAyjQ==",
      "requires": {
        "readable-web-to-node-stream": "^3.0.2",
        "strtok3": "^7.0.0-alpha.9",
        "token-types": "^5.0.0-alpha.2"
      }
    },
    "flatted": {
      "version": "3.2.5",
      "resolved": "https://registry.npmjs.org/flatted/-/flatted-3.2.5.tgz",
      "integrity": "sha512-WIWGi2L3DyTUvUrwRKgGi9TwxQMUEqPOPQBVi71R96jZXJdFskXEmf54BoZaS1kknGODoIGASGEzBUYdyMCBJg=="
    },
    "follow-redirects": {
      "version": "1.15.2",
      "resolved": "https://registry.npmjs.org/follow-redirects/-/follow-redirects-1.15.2.tgz",
      "integrity": "sha512-VQLG33o04KaQ8uYi2tVNbdrWp1QWxNNea+nmIB4EVM28v0hmP17z7aG1+wAkNzVq4KeXTq3221ye5qTJP91JwA=="
    },
    "form-data": {
      "version": "3.0.1",
      "resolved": "https://registry.npmjs.org/form-data/-/form-data-3.0.1.tgz",
      "integrity": "sha512-RHkBKtLWUVwd7SqRIvCZMEvAMoGUp0XU+seQiZejj0COz3RI3hWP4sCv3gZWWLjJTd7rGwcsF5eKZGii0r/hbg==",
      "requires": {
        "asynckit": "^0.4.0",
        "combined-stream": "^1.0.8",
        "mime-types": "^2.1.12"
      }
    },
    "fs-extra": {
      "version": "10.1.0",
      "resolved": "https://registry.npmjs.org/fs-extra/-/fs-extra-10.1.0.tgz",
      "integrity": "sha512-oRXApq54ETRj4eMiFzGnHWGy+zo5raudjuxN0b8H7s/RU2oW0Wvsx9O0ACRN/kRq9E8Vu/ReskGB5o3ji+FzHQ==",
      "requires": {
        "graceful-fs": "^4.2.0",
        "jsonfile": "^6.0.1",
        "universalify": "^2.0.0"
      }
    },
    "graceful-fs": {
      "version": "4.2.10",
      "resolved": "https://registry.npmjs.org/graceful-fs/-/graceful-fs-4.2.10.tgz",
      "integrity": "sha512-9ByhssR2fPVsNZj478qUUbKfmL0+t5BDVyjShtyZZLiK7ZDAArFFfopyOTj0M05wE2tJPisA4iTnnXl2YoPvOA=="
    },
    "has-flag": {
      "version": "4.0.0",
      "resolved": "https://registry.npmjs.org/has-flag/-/has-flag-4.0.0.tgz",
      "integrity": "sha512-EykJT/Q1KjTWctppgIAgfSO0tKVuZUjhgMr17kqTumMl6Afv3EISleU7qZUzoXDFTAHTDC4NOoG/ZxU3EvlMPQ=="
    },
    "html-encoding-sniffer": {
      "version": "2.0.1",
      "resolved": "https://registry.npmjs.org/html-encoding-sniffer/-/html-encoding-sniffer-2.0.1.tgz",
      "integrity": "sha512-D5JbOMBIR/TVZkubHT+OyT2705QvogUW4IBn6nHd756OwieSF9aDYFj4dv6HHEVGYbHaLETa3WggZYWWMyy3ZQ==",
      "requires": {
        "whatwg-encoding": "^1.0.5"
      }
    },
    "http-proxy-agent": {
      "version": "4.0.1",
      "resolved": "https://registry.npmjs.org/http-proxy-agent/-/http-proxy-agent-4.0.1.tgz",
      "integrity": "sha512-k0zdNgqWTGA6aeIRVpvfVob4fL52dTfaehylg0Y4UvSySvOq/Y+BOyPrgpUrA7HylqvU8vIZGsRuXmspskV0Tg==",
      "requires": {
        "@tootallnate/once": "1",
        "agent-base": "6",
        "debug": "4"
      }
    },
    "https-proxy-agent": {
      "version": "5.0.1",
      "resolved": "https://registry.npmjs.org/https-proxy-agent/-/https-proxy-agent-5.0.1.tgz",
      "integrity": "sha512-dFcAjpTQFgoLMzC2VwU+C/CbS7uRL0lWmxDITmqm7C+7F0Odmj6s9l6alZc6AELXhrnggM2CeWSXHGOdX2YtwA==",
      "requires": {
        "agent-base": "6",
        "debug": "4"
      }
    },
    "iconv-lite": {
      "version": "0.4.24",
      "resolved": "https://registry.npmjs.org/iconv-lite/-/iconv-lite-0.4.24.tgz",
      "integrity": "sha512-v3MXnZAcvnywkTUEZomIActle7RXXeedOR31wwl7VlyoXO4Qi9arvSenNQWne1TcRwhCL1HwLI21bEqdpj8/rA==",
      "requires": {
        "safer-buffer": ">= 2.1.2 < 3"
      }
    },
    "ieee754": {
      "version": "1.2.1",
      "resolved": "https://registry.npmjs.org/ieee754/-/ieee754-1.2.1.tgz",
      "integrity": "sha512-dcyqhDvX1C46lXZcVqCpK+FtMRQVdIMN6/Df5js2zouUsqG7I6sFxitIC+7KYK29KdXOLHdu9zL4sFnoVQnqaA=="
    },
    "inherits": {
      "version": "2.0.4",
      "resolved": "https://registry.npmjs.org/inherits/-/inherits-2.0.4.tgz",
      "integrity": "sha512-k/vGaX4/Yla3WzyMCvTQOXYeIHvqOKtnqBduzTHpzpQZzAskKMhZ2K+EnBiSM9zGSoIFeMpXKxa4dYeZIQqewQ=="
    },
    "is-potential-custom-element-name": {
      "version": "1.0.1",
      "resolved": "https://registry.npmjs.org/is-potential-custom-element-name/-/is-potential-custom-element-name-1.0.1.tgz",
      "integrity": "sha512-bCYeRA2rVibKZd+s2625gGnGF/t7DSqDs4dP7CrLA1m7jKWz6pps0LpYLJN8Q64HtmPKJ1hrN3nzPNKFEKOUiQ=="
    },
    "jsdom": {
      "version": "16.7.0",
      "resolved": "https://registry.npmjs.org/jsdom/-/jsdom-16.7.0.tgz",
      "integrity": "sha512-u9Smc2G1USStM+s/x1ru5Sxrl6mPYCbByG1U/hUmqaVsm4tbNyS7CicOSRyuGQYZhTu0h84qkZZQ/I+dzizSVw==",
      "requires": {
        "abab": "^2.0.5",
        "acorn": "^8.2.4",
        "acorn-globals": "^6.0.0",
        "cssom": "^0.4.4",
        "cssstyle": "^2.3.0",
        "data-urls": "^2.0.0",
        "decimal.js": "^10.2.1",
        "domexception": "^2.0.1",
        "escodegen": "^2.0.0",
        "form-data": "^3.0.0",
        "html-encoding-sniffer": "^2.0.1",
        "http-proxy-agent": "^4.0.1",
        "https-proxy-agent": "^5.0.0",
        "is-potential-custom-element-name": "^1.0.1",
        "nwsapi": "^2.2.0",
        "parse5": "6.0.1",
        "saxes": "^5.0.1",
        "symbol-tree": "^3.2.4",
        "tough-cookie": "^4.0.0",
        "w3c-hr-time": "^1.0.2",
        "w3c-xmlserializer": "^2.0.0",
        "webidl-conversions": "^6.1.0",
        "whatwg-encoding": "^1.0.5",
        "whatwg-mimetype": "^2.3.0",
        "whatwg-url": "^8.5.0",
        "ws": "^7.4.6",
        "xml-name-validator": "^3.0.0"
      }
    },
    "jsonfile": {
      "version": "6.1.0",
      "resolved": "https://registry.npmjs.org/jsonfile/-/jsonfile-6.1.0.tgz",
      "integrity": "sha512-5dgndWOriYSm5cnYaJNhalLNDKOqFwyDB/rr1E9ZsGciGvKPs8R2xYGCacuf3z6K1YKDz182fd+fY3cn3pMqXQ==",
      "requires": {
        "graceful-fs": "^4.1.6",
        "universalify": "^2.0.0"
      }
    },
    "levn": {
      "version": "0.3.0",
      "resolved": "https://registry.npmjs.org/levn/-/levn-0.3.0.tgz",
      "integrity": "sha512-0OO4y2iOHix2W6ujICbKIaEQXvFQHue65vUG3pb5EUomzPI90z9hsA1VsO/dbIIpC53J8gxM9Q4Oho0jrCM/yA==",
      "requires": {
        "prelude-ls": "~1.1.2",
        "type-check": "~0.3.2"
      }
    },
    "lodash": {
      "version": "4.17.21",
      "resolved": "https://registry.npmjs.org/lodash/-/lodash-4.17.21.tgz",
      "integrity": "sha512-v2kDEe57lecTulaDIuNTPy3Ry4gLGJ6Z1O3vE1krgXZNrsQ+LFTGHVxVjcXPs17LhbZVGedAJv8XZ1tvj5FvSg=="
    },
    "lodash.snakecase": {
      "version": "4.1.1",
      "resolved": "https://registry.npmjs.org/lodash.snakecase/-/lodash.snakecase-4.1.1.tgz",
      "integrity": "sha512-QZ1d4xoBHYUeuouhEq3lk3Uq7ldgyFXGBhg04+oRLnIz8o9T65Eh+8YdroUwn846zchkA9yDsDl5CVVaV2nqYw=="
    },
    "lodash.uniqwith": {
      "version": "4.5.0",
      "resolved": "https://registry.npmjs.org/lodash.uniqwith/-/lodash.uniqwith-4.5.0.tgz",
      "integrity": "sha512-7lYL8bLopMoy4CTICbxygAUq6CdRJ36vFc80DucPueUee+d5NBRxz3FdT9Pes/HEx5mPoT9jwnsEJWz1N7uq7Q=="
    },
    "log4js": {
      "version": "6.4.0",
      "resolved": "https://registry.npmjs.org/log4js/-/log4js-6.4.0.tgz",
      "integrity": "sha512-ysc/XUecZJuN8NoKOssk3V0cQ29xY4fra6fnigZa5VwxFsCsvdqsdnEuAxNN89LlHpbE4KUD3zGcn+kFqonSVQ==",
      "requires": {
        "date-format": "^4.0.3",
        "debug": "^4.3.3",
        "flatted": "^3.2.4",
        "rfdc": "^1.3.0",
        "streamroller": "^3.0.2"
      }
    },
    "mime-db": {
      "version": "1.52.0",
      "resolved": "https://registry.npmjs.org/mime-db/-/mime-db-1.52.0.tgz",
      "integrity": "sha512-sPU4uV7dYlvtWJxwwxHD0PuihVNiE7TyAbQ5SWxDCB9mUYvOgroQOwYQQOKPJ8CIbE+1ETVlOoK1UC2nU3gYvg=="
    },
    "mime-types": {
      "version": "2.1.35",
      "resolved": "https://registry.npmjs.org/mime-types/-/mime-types-2.1.35.tgz",
      "integrity": "sha512-ZDY+bPm5zTTF+YpCrAU9nK0UgICYPT0QtT1NZWFv4s++TNkcgVaT0g6+4R2uI4MjQjzysHB1zxuWL50hzaeXiw==",
      "requires": {
        "mime-db": "1.52.0"
      }
    },
    "moment": {
      "version": "2.29.4",
      "resolved": "https://registry.npmjs.org/moment/-/moment-2.29.4.tgz",
      "integrity": "sha512-5LC9SOxjSc2HF6vO2CyuTDNivEdoz2IvyJJGj6X8DJ0eFyfszE0QiEd+iXmBvUP3WHxSjFH/vIsA0EN00cgr8w=="
    },
    "ms": {
      "version": "2.1.3",
      "resolved": "https://registry.npmjs.org/ms/-/ms-2.1.3.tgz",
      "integrity": "sha512-6FlzubTLZG3J2a/NVCAleEhjzq5oxgHyaCU9yYXvcLsvoVaHJq/s5xXI6/XXP6tz7R9xAOtHnSO/tXtF3WRTlA=="
    },
    "normalize-version": {
      "version": "1.0.5",
      "resolved": "https://registry.npmjs.org/normalize-version/-/normalize-version-1.0.5.tgz",
      "integrity": "sha512-gnPd21y/zdWO76ye7gP2eFO1tEUczd5DC6syABM25OLtS5MgsS3ZRB/vaaHz2Ir4x6SMzIrP0QZUpxs3VYPzKA=="
    },
    "nwsapi": {
      "version": "2.2.2",
      "resolved": "https://registry.npmjs.org/nwsapi/-/nwsapi-2.2.2.tgz",
      "integrity": "sha512-90yv+6538zuvUMnN+zCr8LuV6bPFdq50304114vJYJ8RDyK8D5O9Phpbd6SZWgI7PwzmmfN1upeOJlvybDSgCw=="
    },
    "optionator": {
      "version": "0.8.3",
      "resolved": "https://registry.npmjs.org/optionator/-/optionator-0.8.3.tgz",
      "integrity": "sha512-+IW9pACdk3XWmmTXG8m3upGUJst5XRGzxMRjXzAuJ1XnIFNvfhjjIuYkDvysnPQ7qzqVzLt78BCruntqRhWQbA==",
      "requires": {
        "deep-is": "~0.1.3",
        "fast-levenshtein": "~2.0.6",
        "levn": "~0.3.0",
        "prelude-ls": "~1.1.2",
        "type-check": "~0.3.2",
        "word-wrap": "~1.2.3"
      }
    },
    "osrs-json-hiscores": {
      "version": "2.10.0",
      "resolved": "https://registry.npmjs.org/osrs-json-hiscores/-/osrs-json-hiscores-2.10.0.tgz",
      "integrity": "sha512-A8Mmf75HwoNH44ON3rg5mWSJsfplDkBlTd5XYXfjFv9OS1cAcz3kv5HoqpUTNaWO2ZfgUV0+Sp/aRbAx1LWDrQ==",
      "requires": {
        "axios": "^0.21.1",
        "jsdom": "^16.3.0",
        "useragent-generator": "^1.1.0"
      }
    },
    "parse5": {
      "version": "6.0.1",
      "resolved": "https://registry.npmjs.org/parse5/-/parse5-6.0.1.tgz",
      "integrity": "sha512-Ofn/CTFzRGTTxwpNEs9PP93gXShHcTq255nzRYSKe8AkVpZY7e1fpmTfOyoIvjP5HG7Z2ZM7VS9PPhQGW2pOpw=="
    },
    "peek-readable": {
      "version": "5.0.0-alpha.5",
      "resolved": "https://registry.npmjs.org/peek-readable/-/peek-readable-5.0.0-alpha.5.tgz",
      "integrity": "sha512-pJohF/tDwV3ntnT5+EkUo4E700q/j/OCDuPxtM+5/kFGjyOai/sK4/We4Cy1MB2OiTQliWU5DxPvYIKQAdPqAA=="
    },
    "prelude-ls": {
      "version": "1.1.2",
      "resolved": "https://registry.npmjs.org/prelude-ls/-/prelude-ls-1.1.2.tgz",
      "integrity": "sha512-ESF23V4SKG6lVSGZgYNpbsiaAkdab6ZgOxe52p7+Kid3W3u3bxR4Vfd/o21dmN7jSt0IwgZ4v5MUd26FEtXE9w=="
    },
    "psl": {
      "version": "1.9.0",
      "resolved": "https://registry.npmjs.org/psl/-/psl-1.9.0.tgz",
      "integrity": "sha512-E/ZsdU4HLs/68gYzgGTkMicWTLPdAftJLfJFlLUAAKZGkStNU72sZjT66SnMDVOfOWY/YAoiD7Jxa9iHvngcag=="
    },
    "punycode": {
      "version": "2.1.1",
      "resolved": "https://registry.npmjs.org/punycode/-/punycode-2.1.1.tgz",
      "integrity": "sha512-XRsRjdf+j5ml+y/6GKHPZbrF/8p2Yga0JPtdqTIY2Xe5ohJPD9saDJJLPvp9+NSBprVvevdXZybnj2cv8OEd0A=="
    },
    "querystringify": {
      "version": "2.2.0",
      "resolved": "https://registry.npmjs.org/querystringify/-/querystringify-2.2.0.tgz",
      "integrity": "sha512-FIqgj2EUvTa7R50u0rGsyTftzjYmv/a3hO345bZNrqabNqjtgiDMgmo4mkUjd+nzU5oF3dClKqFIPUKybUyqoQ=="
    },
    "readable-stream": {
      "version": "3.6.0",
      "resolved": "https://registry.npmjs.org/readable-stream/-/readable-stream-3.6.0.tgz",
      "integrity": "sha512-BViHy7LKeTz4oNnkcLJ+lVSL6vpiFeX6/d3oSH8zCW7UxP2onchk+vTGB143xuFjHS3deTgkKoXXymXqymiIdA==",
      "requires": {
        "inherits": "^2.0.3",
        "string_decoder": "^1.1.1",
        "util-deprecate": "^1.0.1"
      }
    },
    "readable-web-to-node-stream": {
      "version": "3.0.2",
      "resolved": "https://registry.npmjs.org/readable-web-to-node-stream/-/readable-web-to-node-stream-3.0.2.tgz",
      "integrity": "sha512-ePeK6cc1EcKLEhJFt/AebMCLL+GgSKhuygrZ/GLaKZYEecIgIECf4UaUuaByiGtzckwR4ain9VzUh95T1exYGw==",
      "requires": {
        "readable-stream": "^3.6.0"
      }
    },
    "requires-port": {
      "version": "1.0.0",
      "resolved": "https://registry.npmjs.org/requires-port/-/requires-port-1.0.0.tgz",
      "integrity": "sha512-KigOCHcocU3XODJxsu8i/j8T9tzT4adHiecwORRQ0ZZFcp7ahwXuRU1m+yuO90C5ZUyGeGfocHDI14M3L3yDAQ=="
    },
    "rfdc": {
      "version": "1.3.0",
      "resolved": "https://registry.npmjs.org/rfdc/-/rfdc-1.3.0.tgz",
      "integrity": "sha512-V2hovdzFbOi77/WajaSMXk2OLm+xNIeQdMMuB7icj7bk6zi2F8GGAxigcnDFpJHbNyNcgyJDiP+8nOrY5cZGrA=="
    },
    "safe-buffer": {
      "version": "5.2.1",
      "resolved": "https://registry.npmjs.org/safe-buffer/-/safe-buffer-5.2.1.tgz",
      "integrity": "sha512-rp3So07KcdmmKbGvgaNxQSJr7bGVSVk5S9Eq1F+ppbRo70+YeaDxkw5Dd8NPN+GD6bjnYm2VuPuCXmpuYvmCXQ=="
    },
    "safer-buffer": {
      "version": "2.1.2",
      "resolved": "https://registry.npmjs.org/safer-buffer/-/safer-buffer-2.1.2.tgz",
      "integrity": "sha512-YZo3K82SD7Riyi0E1EQPojLz7kpepnSQI9IyPbHHg1XXXevb5dJI7tpyN2ADxGcQbHG7vcyRHk0cbwqcQriUtg=="
    },
    "saxes": {
      "version": "5.0.1",
      "resolved": "https://registry.npmjs.org/saxes/-/saxes-5.0.1.tgz",
      "integrity": "sha512-5LBh1Tls8c9xgGjw3QrMwETmTMVk0oFgvrFSvWx62llR2hcEInrKNZ2GZCCuuy2lvWrdl5jhbpeqc5hRYKFOcw==",
      "requires": {
        "xmlchars": "^2.2.0"
      }
    },
    "semver": {
      "version": "5.7.1",
      "resolved": "https://registry.npmjs.org/semver/-/semver-5.7.1.tgz",
      "integrity": "sha512-sauaDf/PZdVgrLTNYHRtpXa1iRiKcaebiKQ1BJdpQlWH2lCvexQdX55snPFyK7QzpudqbCI0qXFfOasHdyNDGQ=="
    },
    "semver-closest": {
      "version": "0.1.2",
      "resolved": "https://registry.npmjs.org/semver-closest/-/semver-closest-0.1.2.tgz",
      "integrity": "sha512-Q6qk0bPNlK5zG62mWFC8L0Qc6OJX76XRWxiPgZyrh98IZTL3HPErgUlPfCyrAPsHVpU+YP4lf5Mz+LzpId91Og==",
      "requires": {
        "semver": "^5.4.1"
      }
    },
    "source-map": {
      "version": "0.6.1",
      "resolved": "https://registry.npmjs.org/source-map/-/source-map-0.6.1.tgz",
      "integrity": "sha512-UjgapumWlbMhkBgzT7Ykc5YXUT46F0iKu8SGXq0bcwP5dz/h0Plj6enJqjz1Zbq2l5WaqYnrVbwWOWMyF3F47g==",
      "optional": true
    },
    "streamroller": {
      "version": "3.1.1",
      "resolved": "https://registry.npmjs.org/streamroller/-/streamroller-3.1.1.tgz",
      "integrity": "sha512-iPhtd9unZ6zKdWgMeYGfSBuqCngyJy1B/GPi/lTpwGpa3bajuX30GjUVd0/Tn/Xhg0mr4DOSENozz9Y06qyonQ==",
      "requires": {
        "date-format": "^4.0.10",
        "debug": "^4.3.4",
        "fs-extra": "^10.1.0"
      }
    },
    "string_decoder": {
      "version": "1.3.0",
      "resolved": "https://registry.npmjs.org/string_decoder/-/string_decoder-1.3.0.tgz",
      "integrity": "sha512-hkRX8U1WjJFd8LsDJ2yQ/wWWxaopEsABU1XfkM8A+j0+85JAGppt16cr1Whg6KIbb4okU6Mql6BOj+uup/wKeA==",
      "requires": {
        "safe-buffer": "~5.2.0"
      }
    },
    "strtok3": {
      "version": "7.0.0-alpha.9",
      "resolved": "https://registry.npmjs.org/strtok3/-/strtok3-7.0.0-alpha.9.tgz",
      "integrity": "sha512-G8WxjBFjTZ77toVElv1i7k3jCXNkBB14FVaZ/6LIOka/WGo4La5XHLrU7neFVLdKbXESZf4BejVKZu5maOmocA==",
      "requires": {
        "@tokenizer/token": "^0.3.0",
        "peek-readable": "^5.0.0-alpha.5"
      }
    },
    "supports-color": {
      "version": "7.2.0",
      "resolved": "https://registry.npmjs.org/supports-color/-/supports-color-7.2.0.tgz",
      "integrity": "sha512-qpCAvRl9stuOHveKsn7HncJRvv501qIacKzQlO/+Lwxc9+0q2wLyv4Dfvt80/DPn2pqOBsJdDiogXGR9+OvwRw==",
      "requires": {
        "has-flag": "^4.0.0"
      }
    },
    "symbol-tree": {
      "version": "3.2.4",
      "resolved": "https://registry.npmjs.org/symbol-tree/-/symbol-tree-3.2.4.tgz",
      "integrity": "sha512-9QNk5KwDF+Bvz+PyObkmSYjI5ksVUYtjW7AU22r2NKcfLJcXp96hkDWU3+XndOsUb+AQ9QhfzfCT2O+CNWT5Tw=="
    },
    "token-types": {
      "version": "5.0.0-alpha.2",
      "resolved": "https://registry.npmjs.org/token-types/-/token-types-5.0.0-alpha.2.tgz",
      "integrity": "sha512-EsG9UxAW4M6VATrEEjhPFTKEUi1OiJqTUMIZOGBN49fGxYjZB36k0p7to3HZSmWRoHm1QfZgrg3e02fpqAt5fQ==",
      "requires": {
        "@tokenizer/token": "^0.3.0",
        "ieee754": "^1.2.1"
      }
    },
    "tough-cookie": {
      "version": "4.1.2",
      "resolved": "https://registry.npmjs.org/tough-cookie/-/tough-cookie-4.1.2.tgz",
      "integrity": "sha512-G9fqXWoYFZgTc2z8Q5zaHy/vJMjm+WV0AkAeHxVCQiEB1b+dGvWzFW6QV07cY5jQ5gRkeid2qIkzkxUnmoQZUQ==",
      "requires": {
        "psl": "^1.1.33",
        "punycode": "^2.1.1",
        "universalify": "^0.2.0",
        "url-parse": "^1.5.3"
      },
      "dependencies": {
        "universalify": {
          "version": "0.2.0",
          "resolved": "https://registry.npmjs.org/universalify/-/universalify-0.2.0.tgz",
          "integrity": "sha512-CJ1QgKmNg3CwvAv/kOFmtnEN05f0D/cn9QntgNOQlQF9dgvVTHj3t+8JPdjqawCHk7V/KA+fbUqzZ9XWhcqPUg=="
        }
      }
    },
    "tr46": {
      "version": "2.1.0",
      "resolved": "https://registry.npmjs.org/tr46/-/tr46-2.1.0.tgz",
      "integrity": "sha512-15Ih7phfcdP5YxqiB+iDtLoaTz4Nd35+IiAv0kQ5FNKHzXgdWqPoTIqEDDJmXceQt4JZk6lVPT8lnDlPpGDppw==",
      "requires": {
        "punycode": "^2.1.1"
      }
    },
    "ts-mixer": {
      "version": "6.0.1",
      "resolved": "https://registry.npmjs.org/ts-mixer/-/ts-mixer-6.0.1.tgz",
      "integrity": "sha512-hvE+ZYXuINrx6Ei6D6hz+PTim0Uf++dYbK9FFifLNwQj+RwKquhQpn868yZsCtJYiclZF1u8l6WZxxKi+vv7Rg=="
    },
    "tslib": {
      "version": "2.4.0",
      "resolved": "https://registry.npmjs.org/tslib/-/tslib-2.4.0.tgz",
      "integrity": "sha512-d6xOpEDfsi2CZVlPQzGeux8XMwLT9hssAsaPYExaQMuYskwb+x1x7J371tWlbBdWHroy99KnVB6qIkUbs5X3UQ=="
    },
    "type-check": {
      "version": "0.3.2",
      "resolved": "https://registry.npmjs.org/type-check/-/type-check-0.3.2.tgz",
      "integrity": "sha512-ZCmOJdvOWDBYJlzAoFkC+Q0+bUyEOS1ltgp1MGU03fqHG+dbi9tBFU2Rd9QKiDZFAYrhPh2JUf7rZRIuHRKtOg==",
      "requires": {
        "prelude-ls": "~1.1.2"
      }
    },
    "undici": {
      "version": "5.10.0",
      "resolved": "https://registry.npmjs.org/undici/-/undici-5.10.0.tgz",
      "integrity": "sha512-c8HsD3IbwmjjbLvoZuRI26TZic+TSEe8FPMLLOkN1AfYRhdjnKBU6yL+IwcSCbdZiX4e5t0lfMDLDCqj4Sq70g=="
    },
    "universalify": {
      "version": "2.0.0",
      "resolved": "https://registry.npmjs.org/universalify/-/universalify-2.0.0.tgz",
      "integrity": "sha512-hAZsKq7Yy11Zu1DE0OzWjw7nnLZmJZYTDZZyEFHZdUhV8FkH5MCfoU1XMaxXovpyW5nq5scPqq0ZDP9Zyl04oQ=="
    },
    "url-parse": {
      "version": "1.5.10",
      "resolved": "https://registry.npmjs.org/url-parse/-/url-parse-1.5.10.tgz",
      "integrity": "sha512-WypcfiRhfeUP9vvF0j6rw0J3hrWrw6iZv3+22h6iRMJ/8z1Tj6XfLP4DsUix5MhMPnXpiHDoKyoZ/bdCkwBCiQ==",
      "requires": {
        "querystringify": "^2.1.1",
        "requires-port": "^1.0.0"
      }
    },
    "useragent-generator": {
      "version": "1.1.0",
      "resolved": "https://registry.npmjs.org/useragent-generator/-/useragent-generator-1.1.0.tgz",
      "integrity": "sha512-Ef/4cb/RA5LTgUvGdJHemTz+Ojb4nBQxL7exCR6QGA6n/vw4QAJSmVIxJGEZVZZBM6qewS0mtifAClAf85YQ2g==",
      "requires": {
        "normalize-version": "^1.0.5",
        "semver": "^5.4.1",
        "semver-closest": "^0.1.0"
      }
    },
    "util-deprecate": {
      "version": "1.0.2",
      "resolved": "https://registry.npmjs.org/util-deprecate/-/util-deprecate-1.0.2.tgz",
      "integrity": "sha512-EPD5q1uXyFxJpCrLnCc1nHnq3gOa6DZBocAIiI2TaSCA7VCJ1UJDMagCzIkXNsUYfD1daK//LTEQ8xiIbrHtcw=="
    },
    "w3c-hr-time": {
      "version": "1.0.2",
      "resolved": "https://registry.npmjs.org/w3c-hr-time/-/w3c-hr-time-1.0.2.tgz",
      "integrity": "sha512-z8P5DvDNjKDoFIHK7q8r8lackT6l+jo/Ye3HOle7l9nICP9lf1Ci25fy9vHd0JOWewkIFzXIEig3TdKT7JQ5fQ==",
      "requires": {
        "browser-process-hrtime": "^1.0.0"
      }
    },
    "w3c-xmlserializer": {
      "version": "2.0.0",
      "resolved": "https://registry.npmjs.org/w3c-xmlserializer/-/w3c-xmlserializer-2.0.0.tgz",
      "integrity": "sha512-4tzD0mF8iSiMiNs30BiLO3EpfGLZUT2MSX/G+o7ZywDzliWQ3OPtTZ0PTC3B3ca1UAf4cJMHB+2Bf56EriJuRA==",
      "requires": {
        "xml-name-validator": "^3.0.0"
      }
    },
    "webidl-conversions": {
      "version": "6.1.0",
      "resolved": "https://registry.npmjs.org/webidl-conversions/-/webidl-conversions-6.1.0.tgz",
      "integrity": "sha512-qBIvFLGiBpLjfwmYAaHPXsn+ho5xZnGvyGvsarywGNc8VyQJUMHJ8OBKGGrPER0okBeMDaan4mNBlgBROxuI8w=="
    },
    "whatwg-encoding": {
      "version": "1.0.5",
      "resolved": "https://registry.npmjs.org/whatwg-encoding/-/whatwg-encoding-1.0.5.tgz",
      "integrity": "sha512-b5lim54JOPN9HtzvK9HFXvBma/rnfFeqsic0hSpjtDbVxR3dJKLc+KB4V6GgiGOvl7CY/KNh8rxSo9DKQrnUEw==",
      "requires": {
        "iconv-lite": "0.4.24"
      }
    },
    "whatwg-mimetype": {
      "version": "2.3.0",
      "resolved": "https://registry.npmjs.org/whatwg-mimetype/-/whatwg-mimetype-2.3.0.tgz",
      "integrity": "sha512-M4yMwr6mAnQz76TbJm914+gPpB/nCwvZbJU28cUD6dR004SAxDLOOSUaB1JDRqLtaOV/vi0IC5lEAGFgrjGv/g=="
    },
    "whatwg-url": {
      "version": "8.7.0",
      "resolved": "https://registry.npmjs.org/whatwg-url/-/whatwg-url-8.7.0.tgz",
      "integrity": "sha512-gAojqb/m9Q8a5IV96E3fHJM70AzCkgt4uXYX2O7EmuyOnLrViCQlsEBmF9UQIu3/aeAIp2U17rtbpZWNntQqdg==",
      "requires": {
        "lodash": "^4.7.0",
        "tr46": "^2.1.0",
        "webidl-conversions": "^6.1.0"
      }
    },
    "word-wrap": {
      "version": "1.2.3",
      "resolved": "https://registry.npmjs.org/word-wrap/-/word-wrap-1.2.3.tgz",
      "integrity": "sha512-Hz/mrNwitNRh/HUAtM/VT/5VH+ygD6DV7mYKZAtHOrbs8U7lvPS6xf7EJKMF0uW1KJCl0H701g3ZGus+muE5vQ=="
    },
    "ws": {
      "version": "7.5.9",
      "resolved": "https://registry.npmjs.org/ws/-/ws-7.5.9.tgz",
      "integrity": "sha512-F+P9Jil7UiSKSkppIiD94dN07AwvFixvLIj1Og1Rl9GGMuNipJnV9JzjD6XuqmAeiswGvUmNLjr5cFuXwNS77Q=="
    },
    "xml-name-validator": {
      "version": "3.0.0",
      "resolved": "https://registry.npmjs.org/xml-name-validator/-/xml-name-validator-3.0.0.tgz",
      "integrity": "sha512-A5CUptxDsvxKJEU3yO6DuWBSJz/qizqzJKOMIfUJHETbBw/sFaDxgd6fxm1ewUaM0jZ444Fc5vC5ROYurg/4Pw=="
    },
    "xmlchars": {
      "version": "2.2.0",
      "resolved": "https://registry.npmjs.org/xmlchars/-/xmlchars-2.2.0.tgz",
      "integrity": "sha512-JZnDKK8B0RCDw84FNdDAIpZK+JuJw+s7Lz8nksI7SIuU3UXJJslUthsi+uWBUYOwPFwW7W7PRLRfUKpxjtjFCw=="
    }
  }
}
